<?xml version="1.0" encoding="utf-8"?>
<Project ToolsVersion="4.0" xmlns="http://schemas.microsoft.com/developer/msbuild/2003">
  <ItemGroup>
    <Filter Include="Resources">
      <UniqueIdentifier>{7148d4ad-7836-476b-b2a2-ef9ebd2fd42a}</UniqueIdentifier>
      <Extensions>res;rc;ico;bmp</Extensions>
    </Filter>
    <Filter Include="Classes &amp; Libraries">
      <UniqueIdentifier>{e872744d-5700-448a-8500-38c2ff9e3037}</UniqueIdentifier>
    </Filter>
    <Filter Include="Classes &amp; Libraries\NSWFL">
      <UniqueIdentifier>{7ba06e65-e155-49db-bdfc-924f0fc6ee5e}</UniqueIdentifier>
    </Filter>
    <Filter Include="Classes &amp; Libraries\CCmdLine">
      <UniqueIdentifier>{825906c9-3622-4d8b-a1d5-ae8bb581a236}</UniqueIdentifier>
    </Filter>
    <Filter Include="Classes &amp; Libraries\CMemPool">
      <UniqueIdentifier>{c450a0e3-c599-4934-93ca-cc4e9b63a42e}</UniqueIdentifier>
    </Filter>
    <Filter Include="Classes &amp; Libraries\Debug">
      <UniqueIdentifier>{8b95ea76-b24f-49ff-b246-5b88c56fa89b}</UniqueIdentifier>
    </Filter>
    <Filter Include="Classes &amp; Libraries\CSocketServer">
      <UniqueIdentifier>{198cdc77-c5a7-4a8e-8ebe-dbfed81a7670}</UniqueIdentifier>
    </Filter>
    <Filter Include="Classes &amp; Libraries\CXML">
      <UniqueIdentifier>{d8b8b381-be9d-469e-acd0-6f64bd0733d6}</UniqueIdentifier>
    </Filter>
    <Filter Include="Classes &amp; Libraries\CStringBuilder">
      <UniqueIdentifier>{13c8ffbf-1178-4202-8d48-446f312e74f1}</UniqueIdentifier>
    </Filter>
    <Filter Include="Classes &amp; Libraries\zLib">
      <UniqueIdentifier>{0460b3c2-ebc6-4e6b-998f-7a43eb3f8f85}</UniqueIdentifier>
    </Filter>
    <Filter Include="Classes &amp; Libraries\CCRC32">
      <UniqueIdentifier>{fc785eed-a5f8-4177-bb37-585fe50efbfb}</UniqueIdentifier>
    </Filter>
    <Filter Include="Classes &amp; Libraries\CService">
      <UniqueIdentifier>{48766a97-4fe5-44b5-9c32-08f53bcacca9}</UniqueIdentifier>
    </Filter>
    <Filter Include="Classes &amp; Libraries\URLEncoding">
      <UniqueIdentifier>{2b595c8e-76b1-4924-b2be-aeb8727a4a94}</UniqueIdentifier>
    </Filter>
    <Filter Include="Classes &amp; Libraries\CStack">
      <UniqueIdentifier>{d3426ac0-f8f5-48de-879d-9bc159187a2a}</UniqueIdentifier>
    </Filter>
    <Filter Include="Classes &amp; Libraries\NASCCL">
      <UniqueIdentifier>{95b70a73-20a0-45ea-9170-d9cd2777651a}</UniqueIdentifier>
    </Filter>
    <Filter Include="Source Files">
      <UniqueIdentifier>{75a6aefe-133b-402d-ade1-d612f1b348d9}</UniqueIdentifier>
      <Extensions>c;cpp;lib</Extensions>
    </Filter>
    <Filter Include="Source Files\Misc">
      <UniqueIdentifier>{f87b26e9-7eab-4245-a675-56ac2583dd77}</UniqueIdentifier>
    </Filter>
    <Filter Include="Source Files\WebServer">
      <UniqueIdentifier>{488932b4-bc13-4fc8-8de0-e38a5f20fdac}</UniqueIdentifier>
    </Filter>
    <Filter Include="Source Files\WebServer\Class Attributes">
      <UniqueIdentifier>{452f66da-f4f3-479c-824a-2c78b47be919}</UniqueIdentifier>
    </Filter>
    <Filter Include="Classes &amp; Libraries\InsecureInterface">
      <UniqueIdentifier>{c5816692-ee6d-4f77-aa03-275ae59d5697}</UniqueIdentifier>
    </Filter>
    <Filter Include="Classes &amp; Libraries\CDuration">
      <UniqueIdentifier>{dcf8a76f-ce10-49a4-a128-b746157b8927}</UniqueIdentifier>
    </Filter>
    <Filter Include="Classes &amp; Libraries\CMemPool\CLocks">
      <UniqueIdentifier>{19716097-1fcb-410e-9a0d-ee4cb997cd29}</UniqueIdentifier>
    </Filter>
    <Filter Include="Classes &amp; Libraries\CSHA1">
      <UniqueIdentifier>{1155f66c-fb26-444f-bd8f-412e4f1e8628}</UniqueIdentifier>
    </Filter>
    <Filter Include="Classes &amp; Libraries\Base64">
      <UniqueIdentifier>{6a08dd63-6826-4246-8c6a-e80b81ec6dff}</UniqueIdentifier>
    </Filter>
    <Filter Include="Shared">
      <UniqueIdentifier>{9f87a6c2-88b8-4219-a061-4e2af14b3c05}</UniqueIdentifier>
    </Filter>
  </ItemGroup>
  <ItemGroup>
    <ClCompile Include="Source\CManagement.Cpp">
      <Filter>Source Files\Misc</Filter>
    </ClCompile>
    <ClCompile Include="Source\Entry.Cpp">
      <Filter>Source Files\Misc</Filter>
    </ClCompile>
    <ClCompile Include="Source\Init.Cpp">
      <Filter>Source Files\Misc</Filter>
    </ClCompile>
    <ClCompile Include="Source\MD5.Cpp">
      <Filter>Source Files\Misc</Filter>
    </ClCompile>
    <ClCompile Include="Source\Routines.Cpp">
      <Filter>Source Files\Misc</Filter>
    </ClCompile>
    <ClCompile Include="..\..\..\%40Libraries\NSWFL\NSWFL_Conversion.Cpp">
      <Filter>Classes &amp; Libraries\NSWFL</Filter>
    </ClCompile>
    <ClCompile Include="..\..\..\%40Libraries\NSWFL\NSWFL_DateTime.Cpp">
      <Filter>Classes &amp; Libraries\NSWFL</Filter>
    </ClCompile>
    <ClCompile Include="..\..\..\%40Libraries\NSWFL\NSWFL_File.Cpp">
      <Filter>Classes &amp; Libraries\NSWFL</Filter>
    </ClCompile>
    <ClCompile Include="..\..\..\%40Libraries\NSWFL\NSWFL_KeyGeneration.Cpp">
      <Filter>Classes &amp; Libraries\NSWFL</Filter>
    </ClCompile>
    <ClCompile Include="..\..\..\%40Libraries\NSWFL\NSWFL_ListBox.Cpp">
      <Filter>Classes &amp; Libraries\NSWFL</Filter>
    </ClCompile>
    <ClCompile Include="..\..\..\%40Libraries\NSWFL\NSWFL_ListView.Cpp">
      <Filter>Classes &amp; Libraries\NSWFL</Filter>
    </ClCompile>
    <ClCompile Include="..\..\..\%40Libraries\NSWFL\NSWFL_Math.Cpp">
      <Filter>Classes &amp; Libraries\NSWFL</Filter>
    </ClCompile>
    <ClCompile Include="..\..\..\%40Libraries\NSWFL\NSWFL_Memory.Cpp">
      <Filter>Classes &amp; Libraries\NSWFL</Filter>
    </ClCompile>
    <ClCompile Include="..\..\..\%40Libraries\NSWFL\NSWFL_Menu.Cpp">
      <Filter>Classes &amp; Libraries\NSWFL</Filter>
    </ClCompile>
    <ClCompile Include="..\..\..\%40Libraries\NSWFL\NSWFL_Registry.Cpp">
      <Filter>Classes &amp; Libraries\NSWFL</Filter>
    </ClCompile>
    <ClCompile Include="..\..\..\%40Libraries\NSWFL\NSWFL_String.Cpp">
      <Filter>Classes &amp; Libraries\NSWFL</Filter>
    </ClCompile>
    <ClCompile Include="..\..\..\%40Libraries\NSWFL\NSWFL_System.Cpp">
      <Filter>Classes &amp; Libraries\NSWFL</Filter>
    </ClCompile>
    <ClCompile Include="..\..\..\%40Libraries\NSWFL\NSWFL_Types.Cpp">
      <Filter>Classes &amp; Libraries\NSWFL</Filter>
    </ClCompile>
    <ClCompile Include="..\..\..\%40Libraries\NSWFL\NSWFL_Windows.Cpp">
      <Filter>Classes &amp; Libraries\NSWFL</Filter>
    </ClCompile>
    <ClCompile Include="..\..\..\%40Libraries\CCmdLine\CCmdLine.Cpp">
      <Filter>Classes &amp; Libraries\CCmdLine</Filter>
    </ClCompile>
    <ClCompile Include="..\..\..\%40Libraries\CMemPool\CMemPool.Cpp">
      <Filter>Classes &amp; Libraries\CMemPool</Filter>
    </ClCompile>
    <ClCompile Include="..\..\..\%40Libraries\Debug\Debug.Cpp">
      <Filter>Classes &amp; Libraries\Debug</Filter>
    </ClCompile>
    <ClCompile Include="..\..\..\%40Libraries\CXML\CXMLReader.Cpp">
      <Filter>Classes &amp; Libraries\CXML</Filter>
    </ClCompile>
    <ClCompile Include="..\..\..\%40Libraries\CXML\CXMLWriter.Cpp">
      <Filter>Classes &amp; Libraries\CXML</Filter>
    </ClCompile>
    <ClCompile Include="..\..\..\%40Libraries\CStringBuilder\CStringBuilder.Cpp">
      <Filter>Classes &amp; Libraries\CStringBuilder</Filter>
    </ClCompile>
    <ClCompile Include="..\..\..\%40Libraries\Compression\zLib\adler32.c">
      <Filter>Classes &amp; Libraries\zLib</Filter>
    </ClCompile>
    <ClCompile Include="..\..\..\%40Libraries\Compression\zLib\compress.c">
      <Filter>Classes &amp; Libraries\zLib</Filter>
    </ClCompile>
    <ClCompile Include="..\..\..\%40Libraries\Compression\zLib\deflate.c">
      <Filter>Classes &amp; Libraries\zLib</Filter>
    </ClCompile>
    <ClCompile Include="..\..\..\%40Libraries\Compression\zLib\gzio.c">
      <Filter>Classes &amp; Libraries\zLib</Filter>
    </ClCompile>
    <ClCompile Include="..\..\..\%40Libraries\Compression\zLib\infback.c">
      <Filter>Classes &amp; Libraries\zLib</Filter>
    </ClCompile>
    <ClCompile Include="..\..\..\%40Libraries\Compression\zLib\inffast.c">
      <Filter>Classes &amp; Libraries\zLib</Filter>
    </ClCompile>
    <ClCompile Include="..\..\..\%40Libraries\Compression\zLib\inflate.c">
      <Filter>Classes &amp; Libraries\zLib</Filter>
    </ClCompile>
    <ClCompile Include="..\..\..\%40Libraries\Compression\zLib\inftrees.c">
      <Filter>Classes &amp; Libraries\zLib</Filter>
    </ClCompile>
    <ClCompile Include="..\..\..\%40Libraries\Compression\zLib\trees.c">
      <Filter>Classes &amp; Libraries\zLib</Filter>
    </ClCompile>
    <ClCompile Include="..\..\..\%40Libraries\Compression\zLib\uncompr.c">
      <Filter>Classes &amp; Libraries\zLib</Filter>
    </ClCompile>
    <ClCompile Include="..\..\..\%40Libraries\Compression\zLib\zLibcrc32.c">
      <Filter>Classes &amp; Libraries\zLib</Filter>
    </ClCompile>
    <ClCompile Include="..\..\..\%40Libraries\Compression\zLib\ZLibEncapsulation.Cpp">
      <Filter>Classes &amp; Libraries\zLib</Filter>
    </ClCompile>
    <ClCompile Include="..\..\..\%40Libraries\Compression\zLib\zutil.c">
      <Filter>Classes &amp; Libraries\zLib</Filter>
    </ClCompile>
    <ClCompile Include="..\..\..\%40Libraries\CCRC32\CCRC32.Cpp">
      <Filter>Classes &amp; Libraries\CCRC32</Filter>
    </ClCompile>
    <ClCompile Include="..\..\..\%40Libraries\CService\CService.Cpp">
      <Filter>Classes &amp; Libraries\CService</Filter>
    </ClCompile>
    <ClCompile Include="..\..\..\%40Libraries\CLocks\CLocks.cpp">
      <Filter>Classes &amp; Libraries\CMemPool\CLocks</Filter>
    </ClCompile>
    <ClCompile Include="..\..\..\%40Libraries\URLEncoding\URLEncoding.Cpp">
      <Filter>Classes &amp; Libraries\URLEncoding</Filter>
    </ClCompile>
    <ClCompile Include="..\..\..\%40Libraries\CStack\CStack.cpp">
      <Filter>Classes &amp; Libraries\CStack</Filter>
    </ClCompile>
    <ClCompile Include="Source\CWebSites.Cpp">
      <Filter>Source Files\WebServer</Filter>
    </ClCompile>
    <ClCompile Include="..\..\..\%40Libraries\CNASCCL (Stream)\CNASCCL.Cpp">
      <Filter>Classes &amp; Libraries\NASCCL</Filter>
    </ClCompile>
    <ClCompile Include="..\..\..\%40Libraries\CNASCCL (Stream)\CNASCCLBox.Cpp">
      <Filter>Classes &amp; Libraries\NASCCL</Filter>
    </ClCompile>
    <ClCompile Include="..\..\..\%40Libraries\CNASCCL (Stream)\CNASCCLKey.Cpp">
      <Filter>Classes &amp; Libraries\NASCCL</Filter>
    </ClCompile>
    <ClCompile Include="Source\CAuthentication.cpp">
      <Filter>Source Files\WebServer\Class Attributes</Filter>
    </ClCompile>
    <ClCompile Include="Source\CCGIFolders.cpp">
      <Filter>Source Files\WebServer\Class Attributes</Filter>
    </ClCompile>
    <ClCompile Include="Source\CCompression.cpp">
      <Filter>Source Files\WebServer\Class Attributes</Filter>
    </ClCompile>
    <ClCompile Include="Source\CCustomFilters.cpp">
      <Filter>Source Files\WebServer\Class Attributes</Filter>
    </ClCompile>
    <ClCompile Include="Source\CDefaultPages.cpp">
      <Filter>Source Files\WebServer\Class Attributes</Filter>
    </ClCompile>
    <ClCompile Include="Source\CErrorPages.Cpp">
      <Filter>Source Files\WebServer\Class Attributes</Filter>
    </ClCompile>
    <ClCompile Include="Source\CExtensionFilters.cpp">
      <Filter>Source Files\WebServer\Class Attributes</Filter>
    </ClCompile>
    <ClCompile Include="Source\CIPFilters.cpp">
      <Filter>Source Files\WebServer\Class Attributes</Filter>
    </ClCompile>
    <ClCompile Include="Source\CMimeTypes.cpp">
      <Filter>Source Files\WebServer\Class Attributes</Filter>
    </ClCompile>
    <ClCompile Include="Source\CRealms.cpp">
      <Filter>Source Files\WebServer\Class Attributes</Filter>
    </ClCompile>
    <ClCompile Include="Source\CScriptingEngines.cpp">
      <Filter>Source Files\WebServer\Class Attributes</Filter>
    </ClCompile>
    <ClCompile Include="Source\CServerSettings.cpp">
      <Filter>Source Files\WebServer\Class Attributes</Filter>
    </ClCompile>
    <ClCompile Include="Source\CSSIFiles.cpp">
      <Filter>Source Files\WebServer\Class Attributes</Filter>
    </ClCompile>
    <ClCompile Include="Source\CURLFilters.cpp">
      <Filter>Source Files\WebServer\Class Attributes</Filter>
    </ClCompile>
    <ClCompile Include="Source\CVirtualRoots.cpp">
      <Filter>Source Files\WebServer\Class Attributes</Filter>
    </ClCompile>
    <ClCompile Include="Source\CWebsiteSettings.cpp">
      <Filter>Source Files\WebServer\Class Attributes</Filter>
    </ClCompile>
    <ClCompile Include="Source\SocketHandlers.Cpp">
      <Filter>Source Files\WebServer</Filter>
    </ClCompile>
    <ClCompile Include="Source\CDirectoryIndexing.cpp">
      <Filter>Source Files\WebServer</Filter>
    </ClCompile>
    <ClCompile Include="Source\CWebSite.cpp">
      <Filter>Source Files\WebServer</Filter>
    </ClCompile>
    <ClCompile Include="Source\CSocketPools.Cpp">
      <Filter>Source Files\WebServer</Filter>
    </ClCompile>
    <ClCompile Include="Source\CHostHeaders.cpp">
      <Filter>Source Files\WebServer\Class Attributes</Filter>
    </ClCompile>
    <ClCompile Include="..\..\..\%40Libraries\InsecureInterface\ISecInt.Cpp">
      <Filter>Classes &amp; Libraries\InsecureInterface</Filter>
    </ClCompile>
    <ClCompile Include="..\..\..\%40Libraries\CDuration\CDuration.cpp">
      <Filter>Classes &amp; Libraries\CDuration</Filter>
    </ClCompile>
    <ClCompile Include="Source\DebugHandler.Cpp">
      <Filter>Source Files\Misc</Filter>
    </ClCompile>
    <ClCompile Include="Source\CHttp.Cpp">
      <Filter>Source Files\WebServer</Filter>
    </ClCompile>
    <ClCompile Include="..\..\..\%40Libraries\CSocketServer\CSocketServer.Cpp">
      <Filter>Classes &amp; Libraries\CSocketServer</Filter>
    </ClCompile>
    <ClCompile Include="..\..\..\%40Libraries\CSocketServer\CSocketServer_Accept.Cpp">
      <Filter>Classes &amp; Libraries\CSocketServer</Filter>
    </ClCompile>
    <ClCompile Include="..\..\..\%40Libraries\CSocketServer\CSocketServer_ClassProperties.Cpp">
      <Filter>Classes &amp; Libraries\CSocketServer</Filter>
    </ClCompile>
    <ClCompile Include="..\..\..\%40Libraries\CSocketServer\CSocketServer_ClientProperties.Cpp">
      <Filter>Classes &amp; Libraries\CSocketServer</Filter>
    </ClCompile>
    <ClCompile Include="..\..\..\%40Libraries\CSocketServer\CSocketServer_ClientThread.Cpp">
      <Filter>Classes &amp; Libraries\CSocketServer</Filter>
    </ClCompile>
    <ClCompile Include="..\..\..\%40Libraries\CSocketServer\CSocketServer_Command.Cpp">
      <Filter>Classes &amp; Libraries\CSocketServer</Filter>
    </ClCompile>
    <ClCompile Include="..\..\..\%40Libraries\CSocketServer\CSocketServer_Connect.Cpp">
      <Filter>Classes &amp; Libraries\CSocketServer</Filter>
    </ClCompile>
    <ClCompile Include="..\..\..\%40Libraries\CSocketServer\CSocketServer_Events.Cpp">
      <Filter>Classes &amp; Libraries\CSocketServer</Filter>
    </ClCompile>
    <ClCompile Include="..\..\..\%40Libraries\CSocketServer\CSocketServer_Initialize.Cpp">
      <Filter>Classes &amp; Libraries\CSocketServer</Filter>
    </ClCompile>
    <ClCompile Include="..\..\..\%40Libraries\CSocketServer\CSocketServer_Internal.Cpp">
      <Filter>Classes &amp; Libraries\CSocketServer</Filter>
    </ClCompile>
    <ClCompile Include="..\..\..\%40Libraries\CSocketServer\CSocketServer_Locks.Cpp">
      <Filter>Classes &amp; Libraries\CSocketServer</Filter>
    </ClCompile>
    <ClCompile Include="..\..\..\%40Libraries\CSocketServer\CSocketServer_Memory.Cpp">
      <Filter>Classes &amp; Libraries\CSocketServer</Filter>
    </ClCompile>
    <ClCompile Include="..\..\..\%40Libraries\CSocketServer\CSocketServer_Packetize.Cpp">
      <Filter>Classes &amp; Libraries\CSocketServer</Filter>
    </ClCompile>
    <ClCompile Include="..\..\..\%40Libraries\CSocketServer\CSocketServer_PumpThread.Cpp">
      <Filter>Classes &amp; Libraries\CSocketServer</Filter>
    </ClCompile>
    <ClCompile Include="..\..\..\%40Libraries\CSocketServer\CSocketServer_Receive.Cpp">
      <Filter>Classes &amp; Libraries\CSocketServer</Filter>
    </ClCompile>
    <ClCompile Include="..\..\..\%40Libraries\CSocketServer\CSocketServer_Send.Cpp">
      <Filter>Classes &amp; Libraries\CSocketServer</Filter>
    </ClCompile>
    <ClCompile Include="..\..\..\%40Libraries\CSocketServer\CSocketServer_StartStop.Cpp">
      <Filter>Classes &amp; Libraries\CSocketServer</Filter>
    </ClCompile>
    <ClCompile Include="..\..\..\%40Libraries\CSocketServer\CSocketServer_Utilities.Cpp">
      <Filter>Classes &amp; Libraries\CSocketServer</Filter>
    </ClCompile>
    <ClCompile Include="..\..\..\%40Libraries\CSocketServer\CSocketServer_WSAInterface.Cpp">
      <Filter>Classes &amp; Libraries\CSocketServer</Filter>
    </ClCompile>
    <ClCompile Include="..\..\..\%40Libraries\CSHA1\CSHA1.cpp">
      <Filter>Classes &amp; Libraries\CSHA1</Filter>
    </ClCompile>
    <ClCompile Include="..\..\..\%40Libraries\Base64\Base64.cpp">
      <Filter>Classes &amp; Libraries\Base64</Filter>
    </ClCompile>
    <ClCompile Include="..\%40Common\Cryptography.cpp">
      <Filter>Shared</Filter>
    </ClCompile>
  </ItemGroup>
  <ItemGroup>
    <ClInclude Include="Source\CManagement.H">
      <Filter>Source Files\Misc</Filter>
    </ClInclude>
    <ClInclude Include="Source\Entry.H">
      <Filter>Source Files\Misc</Filter>
    </ClInclude>
    <ClInclude Include="Source\Init.H">
      <Filter>Source Files\Misc</Filter>
    </ClInclude>
    <ClInclude Include="Source\MD5.h">
      <Filter>Source Files\Misc</Filter>
    </ClInclude>
    <ClInclude Include="Source\Routines.H">
      <Filter>Source Files\Misc</Filter>
    </ClInclude>
    <ClInclude Include="Resources\resource.h">
      <Filter>Resources</Filter>
    </ClInclude>
    <ClInclude Include="..\..\..\%40Libraries\NSWFL\NSWFL.h">
      <Filter>Classes &amp; Libraries\NSWFL</Filter>
    </ClInclude>
    <ClInclude Include="..\..\..\%40Libraries\NSWFL\NSWFL_Conversion.H">
      <Filter>Classes &amp; Libraries\NSWFL</Filter>
    </ClInclude>
    <ClInclude Include="..\..\..\%40Libraries\NSWFL\NSWFL_DateTime.H">
      <Filter>Classes &amp; Libraries\NSWFL</Filter>
    </ClInclude>
    <ClInclude Include="..\..\..\%40Libraries\NSWFL\NSWFL_File.H">
      <Filter>Classes &amp; Libraries\NSWFL</Filter>
    </ClInclude>
    <ClInclude Include="..\..\..\%40Libraries\NSWFL\NSWFL_KeyGeneration.H">
      <Filter>Classes &amp; Libraries\NSWFL</Filter>
    </ClInclude>
    <ClInclude Include="..\..\..\%40Libraries\NSWFL\NSWFL_ListBox.H">
      <Filter>Classes &amp; Libraries\NSWFL</Filter>
    </ClInclude>
    <ClInclude Include="..\..\..\%40Libraries\NSWFL\NSWFL_ListView.H">
      <Filter>Classes &amp; Libraries\NSWFL</Filter>
    </ClInclude>
    <ClInclude Include="..\..\..\%40Libraries\NSWFL\NSWFL_Math.H">
      <Filter>Classes &amp; Libraries\NSWFL</Filter>
    </ClInclude>
    <ClInclude Include="..\..\..\%40Libraries\NSWFL\NSWFL_Memory.H">
      <Filter>Classes &amp; Libraries\NSWFL</Filter>
    </ClInclude>
    <ClInclude Include="..\..\..\%40Libraries\NSWFL\NSWFL_Menu.H">
      <Filter>Classes &amp; Libraries\NSWFL</Filter>
    </ClInclude>
    <ClInclude Include="..\..\..\%40Libraries\NSWFL\NSWFL_Registry.H">
      <Filter>Classes &amp; Libraries\NSWFL</Filter>
    </ClInclude>
    <ClInclude Include="..\..\..\%40Libraries\NSWFL\NSWFL_String.H">
      <Filter>Classes &amp; Libraries\NSWFL</Filter>
    </ClInclude>
    <ClInclude Include="..\..\..\%40Libraries\NSWFL\NSWFL_System.H">
      <Filter>Classes &amp; Libraries\NSWFL</Filter>
    </ClInclude>
    <ClInclude Include="..\..\..\%40Libraries\NSWFL\NSWFL_Types.H">
      <Filter>Classes &amp; Libraries\NSWFL</Filter>
    </ClInclude>
    <ClInclude Include="..\..\..\%40Libraries\NSWFL\NSWFL_Windows.H">
      <Filter>Classes &amp; Libraries\NSWFL</Filter>
    </ClInclude>
    <ClInclude Include="..\..\..\%40Libraries\CCmdLine\CCmdLine.H">
      <Filter>Classes &amp; Libraries\CCmdLine</Filter>
    </ClInclude>
    <ClInclude Include="..\..\..\%40Libraries\CMemPool\CMemPool.H">
      <Filter>Classes &amp; Libraries\CMemPool</Filter>
    </ClInclude>
    <ClInclude Include="..\..\..\%40Libraries\Debug\Debug.H">
      <Filter>Classes &amp; Libraries\Debug</Filter>
    </ClInclude>
    <ClInclude Include="..\..\..\%40Libraries\CXML\CXML.H">
      <Filter>Classes &amp; Libraries\CXML</Filter>
    </ClInclude>
    <ClInclude Include="..\..\..\%40Libraries\CXML\CXMLReader.H">
      <Filter>Classes &amp; Libraries\CXML</Filter>
    </ClInclude>
    <ClInclude Include="..\..\..\%40Libraries\CXML\CXMLWriter.H">
      <Filter>Classes &amp; Libraries\CXML</Filter>
    </ClInclude>
    <ClInclude Include="..\..\..\%40Libraries\CStringBuilder\CStringBuilder.H">
      <Filter>Classes &amp; Libraries\CStringBuilder</Filter>
    </ClInclude>
    <ClInclude Include="..\..\..\%40Libraries\Compression\zLib\deflate.h">
      <Filter>Classes &amp; Libraries\zLib</Filter>
    </ClInclude>
    <ClInclude Include="..\..\..\%40Libraries\Compression\zLib\inffast.h">
      <Filter>Classes &amp; Libraries\zLib</Filter>
    </ClInclude>
    <ClInclude Include="..\..\..\%40Libraries\Compression\zLib\inffixed.h">
      <Filter>Classes &amp; Libraries\zLib</Filter>
    </ClInclude>
    <ClInclude Include="..\..\..\%40Libraries\Compression\zLib\inflate.h">
      <Filter>Classes &amp; Libraries\zLib</Filter>
    </ClInclude>
    <ClInclude Include="..\..\..\%40Libraries\Compression\zLib\inftrees.h">
      <Filter>Classes &amp; Libraries\zLib</Filter>
    </ClInclude>
    <ClInclude Include="..\..\..\%40Libraries\Compression\zLib\trees.h">
      <Filter>Classes &amp; Libraries\zLib</Filter>
    </ClInclude>
    <ClInclude Include="..\..\..\%40Libraries\Compression\zLib\zConf.h">
      <Filter>Classes &amp; Libraries\zLib</Filter>
    </ClInclude>
    <ClInclude Include="..\..\..\%40Libraries\Compression\zLib\zLib.h">
      <Filter>Classes &amp; Libraries\zLib</Filter>
    </ClInclude>
    <ClInclude Include="..\..\..\%40Libraries\Compression\zLib\zLibcrc32.h">
      <Filter>Classes &amp; Libraries\zLib</Filter>
    </ClInclude>
    <ClInclude Include="..\..\..\%40Libraries\Compression\zLib\ZLibEncapsulation.H">
      <Filter>Classes &amp; Libraries\zLib</Filter>
    </ClInclude>
    <ClInclude Include="..\..\..\%40Libraries\Compression\zLib\zutil.h">
      <Filter>Classes &amp; Libraries\zLib</Filter>
    </ClInclude>
    <ClInclude Include="..\..\..\%40Libraries\CCRC32\CCRC32.H">
      <Filter>Classes &amp; Libraries\CCRC32</Filter>
    </ClInclude>
    <ClInclude Include="..\..\..\%40Libraries\CService\CService.H">
      <Filter>Classes &amp; Libraries\CService</Filter>
    </ClInclude>
    <ClInclude Include="..\..\..\%40Libraries\CLocks\CLocks.h">
      <Filter>Classes &amp; Libraries\CMemPool\CLocks</Filter>
    </ClInclude>
    <ClInclude Include="..\..\..\%40Libraries\URLEncoding\URLEncoding.H">
      <Filter>Classes &amp; Libraries\URLEncoding</Filter>
    </ClInclude>
    <ClInclude Include="..\..\..\%40Libraries\CStack\CStack.H">
      <Filter>Classes &amp; Libraries\CStack</Filter>
    </ClInclude>
    <ClInclude Include="Source\CWebSites.H">
      <Filter>Source Files\WebServer</Filter>
    </ClInclude>
    <ClInclude Include="..\%40Common\Authentication.h">
      <Filter>Shared</Filter>
    </ClInclude>
    <ClInclude Include="..\%40Common\CGIFolders.h">
      <Filter>Shared</Filter>
    </ClInclude>
    <ClInclude Include="..\%40Common\Compression.h">
      <Filter>Shared</Filter>
    </ClInclude>
    <ClInclude Include="..\%40Common\CustomFilters.h">
      <Filter>Shared</Filter>
    </ClInclude>
    <ClInclude Include="..\%40Common\DefaultPages.h">
      <Filter>Shared</Filter>
    </ClInclude>
    <ClInclude Include="..\%40Common\ErrorPages.h">
      <Filter>Shared</Filter>
    </ClInclude>
    <ClInclude Include="..\%40Common\ExtentionFilters.h">
      <Filter>Shared</Filter>
    </ClInclude>
    <ClInclude Include="..\%40Common\IPFilters.H">
      <Filter>Shared</Filter>
    </ClInclude>
    <ClInclude Include="..\%40Common\MimeTypes.h">
      <Filter>Shared</Filter>
    </ClInclude>
    <ClInclude Include="..\%40Common\Realms.h">
      <Filter>Shared</Filter>
    </ClInclude>
    <ClInclude Include="..\%40Common\ScriptingEngines.h">
      <Filter>Shared</Filter>
    </ClInclude>
    <ClInclude Include="..\%40Common\URLFilters.h">
      <Filter>Shared</Filter>
    </ClInclude>
    <ClInclude Include="..\%40Common\VirtualRoots.h">
      <Filter>Shared</Filter>
    </ClInclude>
    <ClInclude Include="..\%40Common\WebSite.h">
      <Filter>Shared</Filter>
    </ClInclude>
    <ClInclude Include="..\..\..\%40Libraries\CNASCCL (Stream)\CNASCCL.H">
      <Filter>Classes &amp; Libraries\NASCCL</Filter>
    </ClInclude>
    <ClInclude Include="..\%40Common\ServerSettings.H">
      <Filter>Shared</Filter>
    </ClInclude>
    <ClInclude Include="..\%40Common\SSIFiles.h">
      <Filter>Shared</Filter>
    </ClInclude>
    <ClInclude Include="..\%40Common\WebsiteSettings.H">
      <Filter>Shared</Filter>
    </ClInclude>
    <ClInclude Include="Source\CWebsiteSettings.H">
      <Filter>Source Files\WebServer\Class Attributes</Filter>
    </ClInclude>
    <ClInclude Include="Source\CAuthentication.H">
      <Filter>Source Files\WebServer\Class Attributes</Filter>
    </ClInclude>
    <ClInclude Include="Source\CCGIFolders.H">
      <Filter>Source Files\WebServer\Class Attributes</Filter>
    </ClInclude>
    <ClInclude Include="Source\CCompression.h">
      <Filter>Source Files\WebServer\Class Attributes</Filter>
    </ClInclude>
    <ClInclude Include="Source\CCustomFilters.H">
      <Filter>Source Files\WebServer\Class Attributes</Filter>
    </ClInclude>
    <ClInclude Include="Source\CDefaultPages.H">
      <Filter>Source Files\WebServer\Class Attributes</Filter>
    </ClInclude>
    <ClInclude Include="Source\CErrorPages.H">
      <Filter>Source Files\WebServer\Class Attributes</Filter>
    </ClInclude>
    <ClInclude Include="Source\CExtensionFilters.H">
      <Filter>Source Files\WebServer\Class Attributes</Filter>
    </ClInclude>
    <ClInclude Include="Source\CIPFilters.H">
      <Filter>Source Files\WebServer\Class Attributes</Filter>
    </ClInclude>
    <ClInclude Include="Source\CMimeTypes.h">
      <Filter>Source Files\WebServer\Class Attributes</Filter>
    </ClInclude>
    <ClInclude Include="Source\CRealms.H">
      <Filter>Source Files\WebServer\Class Attributes</Filter>
    </ClInclude>
    <ClInclude Include="Source\CScriptingEngines.H">
      <Filter>Source Files\WebServer\Class Attributes</Filter>
    </ClInclude>
    <ClInclude Include="Source\CServerSettings.H">
      <Filter>Source Files\WebServer\Class Attributes</Filter>
    </ClInclude>
    <ClInclude Include="Source\CSSIFiles.h">
      <Filter>Source Files\WebServer\Class Attributes</Filter>
    </ClInclude>
    <ClInclude Include="Source\CURLFilters.H">
      <Filter>Source Files\WebServer\Class Attributes</Filter>
    </ClInclude>
    <ClInclude Include="Source\CVirtualRoots.h">
      <Filter>Source Files\WebServer\Class Attributes</Filter>
    </ClInclude>
    <ClInclude Include="Source\SocketHandlers.H">
      <Filter>Source Files\WebServer</Filter>
    </ClInclude>
    <ClInclude Include="Source\CDirectoryIndexing.H">
      <Filter>Source Files\WebServer</Filter>
    </ClInclude>
    <ClInclude Include="Source\CWebSite.h">
      <Filter>Source Files\WebServer</Filter>
    </ClInclude>
    <ClInclude Include="..\%40Common\SocketPools.h">
      <Filter>Shared</Filter>
    </ClInclude>
    <ClInclude Include="Source\CSocketPools.H">
      <Filter>Source Files\WebServer</Filter>
    </ClInclude>
    <ClInclude Include="Source\CHostHeaders.H">
      <Filter>Source Files\WebServer\Class Attributes</Filter>
    </ClInclude>
    <ClInclude Include="..\%40Common\HostHeaders.H">
      <Filter>Shared</Filter>
    </ClInclude>
    <ClInclude Include="..\%40Common\ListenIPs.H">
      <Filter>Shared</Filter>
    </ClInclude>
    <ClInclude Include="..\%40Common\SocketPool.H">
      <Filter>Shared</Filter>
    </ClInclude>
    <ClInclude Include="..\..\..\%40Libraries\InsecureInterface\ISecInt.H">
      <Filter>Classes &amp; Libraries\InsecureInterface</Filter>
    </ClInclude>
    <ClInclude Include="..\..\..\%40Libraries\CDuration\CDuration.h">
      <Filter>Classes &amp; Libraries\CDuration</Filter>
    </ClInclude>
    <ClInclude Include="Source\DebugHandler.H">
      <Filter>Source Files\Misc</Filter>
    </ClInclude>
    <ClInclude Include="Source\CHttp.H">
      <Filter>Source Files\WebServer</Filter>
    </ClInclude>
    <ClInclude Include="..\..\..\%40Libraries\CSocketServer\CSocketServer.H">
      <Filter>Classes &amp; Libraries\CSocketServer</Filter>
    </ClInclude>
    <ClInclude Include="..\..\..\%40Libraries\CSHA1\CSHA1.h">
      <Filter>Classes &amp; Libraries\CSHA1</Filter>
    </ClInclude>
    <ClInclude Include="..\..\..\%40Libraries\Base64\Base64.h">
      <Filter>Classes &amp; Libraries\Base64</Filter>
    </ClInclude>
    <ClInclude Include="..\%40Common\Cryptography.h">
      <Filter>Shared</Filter>
    </ClInclude>
    <ClInclude Include="..\..\Setup\Filters\Filter Example\Source\HTTPFilter.H">
      <Filter>Source Files\Misc</Filter>
    </ClInclude>
    <ClInclude Include="..\%40Common\Constants.H">
      <Filter>Shared</Filter>
    </ClInclude>
  </ItemGroup>
  <ItemGroup>
    <None Include="Resources\MainIcon.ico">
      <Filter>Resources</Filter>
    </None>
    <None Include="..\..\..\%40Libraries\CSocketServer\Event Handlers.txt">
      <Filter>Classes &amp; Libraries\CSocketServer</Filter>
    </None>
  </ItemGroup>
  <ItemGroup>
    <ResourceCompile Include="Resources\Resource.rc">
      <Filter>Resources</Filter>
    </ResourceCompile>
  </ItemGroup>
</Project>